// !$*UTF8*$!
{
	archiveVersion = 1;
	classes = {
	};
	objectVersion = 48;
	objects = {

/* Begin PBXBuildFile section */
		FD3A62FB2079D6A0008FD8EA /* modifiers.cpp in Sources */ = {isa = PBXBuildFile; fileRef = FD3A62F92079D6A0008FD8EA /* modifiers.cpp */; };
		FDC2364720774A5B005E79EB /* function.cpp in Sources */ = {isa = PBXBuildFile; fileRef = FDC2364520774A5B005E79EB /* function.cpp */; };
		FDC2364A20774D1E005E79EB /* sizeof.cpp in Sources */ = {isa = PBXBuildFile; fileRef = FDC2364820774D1E005E79EB /* sizeof.cpp */; };
		FDC2364D20774DF5005E79EB /* datatypes.cpp in Sources */ = {isa = PBXBuildFile; fileRef = FDC2364B20774DF5005E79EB /* datatypes.cpp */; };
		FDC236502077509C005E79EB /* scope.cpp in Sources */ = {isa = PBXBuildFile; fileRef = FDC2364E2077509C005E79EB /* scope.cpp */; };
		FDC2366620776707005E79EB /* constant.cpp in Sources */ = {isa = PBXBuildFile; fileRef = FDC2366420776707005E79EB /* constant.cpp */; };
		FDC2366920776F37005E79EB /* pointer.cpp in Sources */ = {isa = PBXBuildFile; fileRef = FDC2366720776F37005E79EB /* pointer.cpp */; };
		FDD596F6207723960079E0BD /* main.cpp in Sources */ = {isa = PBXBuildFile; fileRef = FDD596F5207723960079E0BD /* main.cpp */; };
/* End PBXBuildFile section */

/* Begin PBXCopyFilesBuildPhase section */
		FDD596F0207723950079E0BD /* CopyFiles */ = {
			isa = PBXCopyFilesBuildPhase;
			buildActionMask = 2147483647;
			dstPath = /usr/share/man/man1/;
			dstSubfolderSpec = 0;
			files = (
			);
			runOnlyForDeploymentPostprocessing = 1;
		};
/* End PBXCopyFilesBuildPhase section */

/* Begin PBXFileReference section */
		FD3A62F92079D6A0008FD8EA /* modifiers.cpp */ = {isa = PBXFileReference; lastKnownFileType = sourcecode.cpp.cpp; path = modifiers.cpp; sourceTree = "<group>"; };
		FD3A62FA2079D6A0008FD8EA /* modifiers.hpp */ = {isa = PBXFileReference; lastKnownFileType = sourcecode.cpp.h; path = modifiers.hpp; sourceTree = "<group>"; };
		FDC2364520774A5B005E79EB /* function.cpp */ = {isa = PBXFileReference; lastKnownFileType = sourcecode.cpp.cpp; path = function.cpp; sourceTree = "<group>"; };
		FDC2364620774A5B005E79EB /* function.hpp */ = {isa = PBXFileReference; lastKnownFileType = sourcecode.cpp.h; path = function.hpp; sourceTree = "<group>"; };
		FDC2364820774D1E005E79EB /* sizeof.cpp */ = {isa = PBXFileReference; lastKnownFileType = sourcecode.cpp.cpp; path = sizeof.cpp; sourceTree = "<group>"; };
		FDC2364920774D1E005E79EB /* sizeof.hpp */ = {isa = PBXFileReference; lastKnownFileType = sourcecode.cpp.h; path = sizeof.hpp; sourceTree = "<group>"; };
		FDC2364B20774DF5005E79EB /* datatypes.cpp */ = {isa = PBXFileReference; lastKnownFileType = sourcecode.cpp.cpp; path = datatypes.cpp; sourceTree = "<group>"; };
		FDC2364C20774DF5005E79EB /* datatypes.hpp */ = {isa = PBXFileReference; lastKnownFileType = sourcecode.cpp.h; path = datatypes.hpp; sourceTree = "<group>"; };
		FDC2364E2077509C005E79EB /* scope.cpp */ = {isa = PBXFileReference; lastKnownFileType = sourcecode.cpp.cpp; path = scope.cpp; sourceTree = "<group>"; };
		FDC2364F2077509C005E79EB /* scope.hpp */ = {isa = PBXFileReference; lastKnownFileType = sourcecode.cpp.h; path = scope.hpp; sourceTree = "<group>"; };
		FDC2366420776707005E79EB /* constant.cpp */ = {isa = PBXFileReference; lastKnownFileType = sourcecode.cpp.cpp; path = constant.cpp; sourceTree = "<group>"; };
		FDC2366520776707005E79EB /* constant.hpp */ = {isa = PBXFileReference; lastKnownFileType = sourcecode.cpp.h; path = constant.hpp; sourceTree = "<group>"; };
		FDC2366720776F37005E79EB /* pointer.cpp */ = {isa = PBXFileReference; lastKnownFileType = sourcecode.cpp.cpp; path = pointer.cpp; sourceTree = "<group>"; };
		FDC2366820776F37005E79EB /* pointer.hpp */ = {isa = PBXFileReference; lastKnownFileType = sourcecode.cpp.h; path = pointer.hpp; sourceTree = "<group>"; };
		FDD596F2207723960079E0BD /* helloworld */ = {isa = PBXFileReference; explicitFileType = "compiled.mach-o.executable"; includeInIndex = 0; path = helloworld; sourceTree = BUILT_PRODUCTS_DIR; };
		FDD596F5207723960079E0BD /* main.cpp */ = {isa = PBXFileReference; lastKnownFileType = sourcecode.cpp.cpp; path = main.cpp; sourceTree = "<group>"; };
/* End PBXFileReference section */

/* Begin PBXFrameworksBuildPhase section */
		FDD596EF207723950079E0BD /* Frameworks */ = {
			isa = PBXFrameworksBuildPhase;
			buildActionMask = 2147483647;
			files = (
			);
			runOnlyForDeploymentPostprocessing = 0;
		};
/* End PBXFrameworksBuildPhase section */

/* Begin PBXGroup section */
		FDD596E9207723950079E0BD = {
			isa = PBXGroup;
			children = (
				FDD596F4207723960079E0BD /* cpp */,
				FDD596F3207723960079E0BD /* Products */,
			);
			sourceTree = "<group>";
		};
		FDD596F3207723960079E0BD /* Products */ = {
			isa = PBXGroup;
			children = (
				FDD596F2207723960079E0BD /* helloworld */,
			);
			name = Products;
			sourceTree = "<group>";
		};
		FDD596F4207723960079E0BD /* cpp */ = {
			isa = PBXGroup;
			children = (
				FDD596F5207723960079E0BD /* main.cpp */,
				FDC2364520774A5B005E79EB /* function.cpp */,
				FDC2364620774A5B005E79EB /* function.hpp */,
				FDC2364820774D1E005E79EB /* sizeof.cpp */,
				FDC2364920774D1E005E79EB /* sizeof.hpp */,
				FDC2364B20774DF5005E79EB /* datatypes.cpp */,
				FDC2364C20774DF5005E79EB /* datatypes.hpp */,
				FDC2364E2077509C005E79EB /* scope.cpp */,
				FDC2364F2077509C005E79EB /* scope.hpp */,
				FDC2366420776707005E79EB /* constant.cpp */,
				FDC2366520776707005E79EB /* constant.hpp */,
				FDC2366720776F37005E79EB /* pointer.cpp */,
				FDC2366820776F37005E79EB /* pointer.hpp */,
				FD3A62F92079D6A0008FD8EA /* modifiers.cpp */,
				FD3A62FA2079D6A0008FD8EA /* modifiers.hpp */,
			);
			path = cpp;
			sourceTree = "<group>";
		};
/* End PBXGroup section */

/* Begin PBXNativeTarget section */
		FDD596F1207723950079E0BD /* helloworld */ = {
			isa = PBXNativeTarget;
			buildConfigurationList = FDD596F9207723960079E0BD /* Build configuration list for PBXNativeTarget "helloworld" */;
			buildPhases = (
				FDD596EE207723950079E0BD /* Sources */,
				FDD596EF207723950079E0BD /* Frameworks */,
				FDD596F0207723950079E0BD /* CopyFiles */,
			);
			buildRules = (
			);
			dependencies = (
			);
			name = helloworld;
			productName = helloworld;
			productReference = FDD596F2207723960079E0BD /* helloworld */;
			productType = "com.apple.product-type.tool";
		};
/* End PBXNativeTarget section */

/* Begin PBXProject section */
		FDD596EA207723950079E0BD /* Project object */ = {
			isa = PBXProject;
			attributes = {
				LastUpgradeCheck = 0920;
				ORGANIZATIONNAME = "Chen, Luke(AWF)";
				TargetAttributes = {
					FDD596F1207723950079E0BD = {
						CreatedOnToolsVersion = 9.2;
						ProvisioningStyle = Automatic;
					};
				};
			};
			buildConfigurationList = FDD596ED207723950079E0BD /* Build configuration list for PBXProject "cpp" */;
			compatibilityVersion = "Xcode 8.0";
			developmentRegion = en;
			hasScannedForEncodings = 0;
			knownRegions = (
				en,
			);
			mainGroup = FDD596E9207723950079E0BD;
			productRefGroup = FDD596F3207723960079E0BD /* Products */;
			projectDirPath = "";
			projectRoot = "";
			targets = (
				FDD596F1207723950079E0BD /* helloworld */,
			);
		};
/* End PBXProject section */

/* Begin PBXSourcesBuildPhase section */
		FDD596EE207723950079E0BD /* Sources */ = {
			isa = PBXSourcesBuildPhase;
			buildActionMask = 2147483647;
			files = (
				FD3A62FB2079D6A0008FD8EA /* modifiers.cpp in Sources */,
				FDC236502077509C005E79EB /* scope.cpp in Sources */,
				FDD596F6207723960079E0BD /* main.cpp in Sources */,
				FDC2366920776F37005E79EB /* pointer.cpp in Sources */,
				FDC2364D20774DF5005E79EB /* datatypes.cpp in Sources */,
				FDC2366620776707005E79EB /* constant.cpp in Sources */,
				FDC2364720774A5B005E79EB /* function.cpp in Sources */,
				FDC2364A20774D1E005E79EB /* sizeof.cpp in Sources */,
			);
			runOnlyForDeploymentPostprocessing = 0;
		};
/* End PBXSourcesBuildPhase section */

/* Begin XCBuildConfiguration section */
		FDD596F7207723960079E0BD /* Debug */ = {
			isa = XCBuildConfiguration;
			buildSettings = {
				ALWAYS_SEARCH_USER_PATHS = NO;
				CLANG_ANALYZER_NONNULL = YES;
				CLANG_ANALYZER_NUMBER_OBJECT_CONVERSION = YES_AGGRESSIVE;
				CLANG_CXX_LANGUAGE_STANDARD = "gnu++14";
				CLANG_CXX_LIBRARY = "libc++";
				CLANG_ENABLE_MODULES = YES;
				CLANG_ENABLE_OBJC_ARC = YES;
				CLANG_WARN_BLOCK_CAPTURE_AUTORELEASING = YES;
				CLANG_WARN_BOOL_CONVERSION = YES;
				CLANG_WARN_COMMA = YES;
				CLANG_WARN_CONSTANT_CONVERSION = YES;
				CLANG_WARN_DIRECT_OBJC_ISA_USAGE = YES_ERROR;
				CLANG_WARN_DOCUMENTATION_COMMENTS = YES;
				CLANG_WARN_EMPTY_BODY = YES;
				CLANG_WARN_ENUM_CONVERSION = YES;
				CLANG_WARN_INFINITE_RECURSION = YES;
				CLANG_WARN_INT_CONVERSION = YES;
				CLANG_WARN_NON_LITERAL_NULL_CONVERSION = YES;
				CLANG_WARN_OBJC_LITERAL_CONVERSION = YES;
				CLANG_WARN_OBJC_ROOT_CLASS = YES_ERROR;
				CLANG_WARN_RANGE_LOOP_ANALYSIS = YES;
				CLANG_WARN_STRICT_PROTOTYPES = YES;
				CLANG_WARN_SUSPICIOUS_MOVE = YES;
				CLANG_WARN_UNGUARDED_AVAILABILITY = YES_AGGRESSIVE;
				CLANG_WARN_UNREACHABLE_CODE = YES;
				CLANG_WARN__DUPLICATE_METHOD_MATCH = YES;
				CODE_SIGN_IDENTITY = "-";
				COPY_PHASE_STRIP = NO;
				DEBUG_INFORMATION_FORMAT = dwarf;
				ENABLE_STRICT_OBJC_MSGSEND = YES;
				ENABLE_TESTABILITY = YES;
				GCC_C_LANGUAGE_STANDARD = gnu11;
				GCC_DYNAMIC_NO_PIC = NO;
				GCC_NO_COMMON_BLOCKS = YES;
				GCC_OPTIMIZATION_LEVEL = 0;
				GCC_PREPROCESSOR_DEFINITIONS = (
					"DEBUG=1",
					"$(inherited)",
				);
				GCC_WARN_64_TO_32_BIT_CONVERSION = YES;
				GCC_WARN_ABOUT_RETURN_TYPE = YES_ERROR;
				GCC_WARN_UNDECLARED_SELECTOR = YES;
				GCC_WARN_UNINITIALIZED_AUTOS = YES_AGGRESSIVE;
				GCC_WARN_UNUSED_FUNCTION = YES;
				GCC_WARN_UNUSED_VARIABLE = YES;
				MACOSX_DEPLOYMENT_TARGET = 10.12;
				MTL_ENABLE_DEBUG_INFO = YES;
				ONLY_ACTIVE_ARCH = YES;
				SDKROOT = macosx;
			};
			name = Debug;
		};
		FDD596F8207723960079E0BD /* Release */ = {
			isa = XCBuildConfiguration;
			buildSettings = {
				ALWAYS_SEARCH_USER_PATHS = NO;
				CLANG_ANALYZER_NONNULL = YES;
				CLANG_ANALYZER_NUMBER_OBJECT_CONVERSION = YES_AGGRESSIVE;
				CLANG_CXX_LANGUAGE_STANDARD = "gnu++14";
				CLANG_CXX_LIBRARY = "libc++";
				CLANG_ENABLE_MODULES = YES;
				CLANG_ENABLE_OBJC_ARC = YES;
				CLANG_WARN_BLOCK_CAPTURE_AUTORELEASING = YES;
				CLANG_WARN_BOOL_CONVERSION = YES;
				CLANG_WARN_COMMA = YES;
				CLANG_WARN_CONSTANT_CONVERSION = YES;
				CLANG_WARN_DIRECT_OBJC_ISA_USAGE = YES_ERROR;
				CLANG_WARN_DOCUMENTATION_COMMENTS = YES;
				CLANG_WARN_EMPTY_BODY = YES;
				CLANG_WARN_ENUM_CONVERSION = YES;
				CLANG_WARN_INFINITE_RECURSION = YES;
				CLANG_WARN_INT_CONVERSION = YES;
				CLANG_WARN_NON_LITERAL_NULL_CONVERSION = YES;
				CLANG_WARN_OBJC_LITERAL_CONVERSION = YES;
				CLANG_WARN_OBJC_ROOT_CLASS = YES_ERROR;
				CLANG_WARN_RANGE_LOOP_ANALYSIS = YES;
				CLANG_WARN_STRICT_PROTOTYPES = YES;
				CLANG_WARN_SUSPICIOUS_MOVE = YES;
				CLANG_WARN_UNGUARDED_AVAILABILITY = YES_AGGRESSIVE;
				CLANG_WARN_UNREACHABLE_CODE = YES;
				CLANG_WARN__DUPLICATE_METHOD_MATCH = YES;
				CODE_SIGN_IDENTITY = "-";
				COPY_PHASE_STRIP = NO;
				DEBUG_INFORMATION_FORMAT = "dwarf-with-dsym";
				ENABLE_NS_ASSERTIONS = NO;
				ENABLE_STRICT_OBJC_MSGSEND = YES;
				GCC_C_LANGUAGE_STANDARD = gnu11;
				GCC_NO_COMMON_BLOCKS = YES;
				GCC_WARN_64_TO_32_BIT_CONVERSION = YES;
				GCC_WARN_ABOUT_RETURN_TYPE = YES_ERROR;
				GCC_WARN_UNDECLARED_SELECTOR = YES;
				GCC_WARN_UNINITIALIZED_AUTOS = YES_AGGRESSIVE;
				GCC_WARN_UNUSED_FUNCTION = YES;
				GCC_WARN_UNUSED_VARIABLE = YES;
				MACOSX_DEPLOYMENT_TARGET = 10.12;
				MTL_ENABLE_DEBUG_INFO = NO;
				SDKROOT = macosx;
			};
			name = Release;
		};
		FDD596FA207723960079E0BD /* Debug */ = {
			isa = XCBuildConfiguration;
			buildSettings = {
				CODE_SIGN_STYLE = Automatic;
				PRODUCT_NAME = "$(TARGET_NAME)";
			};
			name = Debug;
		};
		FDD596FB207723960079E0BD /* Release */ = {
			isa = XCBuildConfiguration;
			buildSettings = {
				CODE_SIGN_STYLE = Automatic;
				PRODUCT_NAME = "$(TARGET_NAME)";
			};
			name = Release;
		};
/* End XCBuildConfiguration section */

/* Begin XCConfigurationList section */
		FDD596ED207723950079E0BD /* Build configuration list for PBXProject "cpp" */ = {
			isa = XCConfigurationList;
			buildConfigurations = (
				FDD596F7207723960079E0BD /* Debug */,
				FDD596F8207723960079E0BD /* Release */,
			);
			defaultConfigurationIsVisible = 0;
			defaultConfigurationName = Release;
		};
		FDD596F9207723960079E0BD /* Build configuration list for PBXNativeTarget "helloworld" */ = {
			isa = XCConfigurationList;
			buildConfigurations = (
				FDD596FA207723960079E0BD /* Debug */,
				FDD596FB207723960079E0BD /* Release */,
			);
			defaultConfigurationIsVisible = 0;
			defaultConfigurationName = Release;
		};
/* End XCConfigurationList section */
	};
	rootObject = FDD596EA207723950079E0BD /* Project object */;
}
